
Microsoft Visual Studio Solution File, Format Version 12.00
# Visual Studio Version 16
VisualStudioVersion = 16.0.31702.278
MinimumVisualStudioVersion = 10.0.40219.1
Project("{FAE04EC0-301F-11D3-BF4B-00C04F79EFBC}") = "ECommerce.API.Products", "ECommerce.API.Products\ECommerce.API.Products.csproj", "{7B995680-4733-4E77-8F2C-54494DE587D8}"
EndProject
Project("{FAE04EC0-301F-11D3-BF4B-00C04F79EFBC}") = "ECommerce.API.Customers", "ECommerce.API.Customers\ECommerce.API.Customers.csproj", "{D4E45898-6DB7-4ACA-A7DB-94F60708247D}"
EndProject
Project("{FAE04EC0-301F-11D3-BF4B-00C04F79EFBC}") = "ECommerce.API.Orders", "ECommerce.API.Orders\ECommerce.API.Orders.csproj", "{559CE008-C584-4610-9D3D-4E83A7937074}"
EndProject
Project("{FAE04EC0-301F-11D3-BF4B-00C04F79EFBC}") = "ECommerce.API.Search", "ECommerce.API.Search\ECommerce.API.Search.csproj", "{B3CCBF15-DDBF-4116-AA27-409472D9F741}"
EndProject
Project("{FAE04EC0-301F-11D3-BF4B-00C04F79EFBC}") = "ECommerce.API.Products.Test", "ECommerce.API.Products.Test\ECommerce.API.Products.Test.csproj", "{29976F2B-F921-4627-929E-E14F1204D8F2}"
EndProject
Global
	GlobalSection(SolutionConfigurationPlatforms) = preSolution
		Debug|Any CPU = Debug|Any CPU
		Release|Any CPU = Release|Any CPU
	EndGlobalSection
	GlobalSection(ProjectConfigurationPlatforms) = postSolution
		{7B995680-4733-4E77-8F2C-54494DE587D8}.Debug|Any CPU.ActiveCfg = Debug|Any CPU
		{7B995680-4733-4E77-8F2C-54494DE587D8}.Debug|Any CPU.Build.0 = Debug|Any CPU
		{7B995680-4733-4E77-8F2C-54494DE587D8}.Release|Any CPU.ActiveCfg = Release|Any CPU
		{7B995680-4733-4E77-8F2C-54494DE587D8}.Release|Any CPU.Build.0 = Release|Any CPU
		{D4E45898-6DB7-4ACA-A7DB-94F60708247D}.Debug|Any CPU.ActiveCfg = Debug|Any CPU
		{D4E45898-6DB7-4ACA-A7DB-94F60708247D}.Debug|Any CPU.Build.0 = Debug|Any CPU
		{D4E45898-6DB7-4ACA-A7DB-94F60708247D}.Release|Any CPU.ActiveCfg = Release|Any CPU
		{D4E45898-6DB7-4ACA-A7DB-94F60708247D}.Release|Any CPU.Build.0 = Release|Any CPU
		{559CE008-C584-4610-9D3D-4E83A7937074}.Debug|Any CPU.ActiveCfg = Debug|Any CPU
		{559CE008-C584-4610-9D3D-4E83A7937074}.Debug|Any CPU.Build.0 = Debug|Any CPU
		{559CE008-C584-4610-9D3D-4E83A7937074}.Release|Any CPU.ActiveCfg = Release|Any CPU
		{559CE008-C584-4610-9D3D-4E83A7937074}.Release|Any CPU.Build.0 = Release|Any CPU
		{B3CCBF15-DDBF-4116-AA27-409472D9F741}.Debug|Any CPU.ActiveCfg = Debug|Any CPU
		{B3CCBF15-DDBF-4116-AA27-409472D9F741}.Debug|Any CPU.Build.0 = Debug|Any CPU
		{B3CCBF15-DDBF-4116-AA27-409472D9F741}.Release|Any CPU.ActiveCfg = Release|Any CPU
		{B3CCBF15-DDBF-4116-AA27-409472D9F741}.Release|Any CPU.Build.0 = Release|Any CPU
		{29976F2B-F921-4627-929E-E14F1204D8F2}.Debug|Any CPU.ActiveCfg = Debug|Any CPU
		{29976F2B-F921-4627-929E-E14F1204D8F2}.Debug|Any CPU.Build.0 = Debug|Any CPU
		{29976F2B-F921-4627-929E-E14F1204D8F2}.Release|Any CPU.ActiveCfg = Release|Any CPU
		{29976F2B-F921-4627-929E-E14F1204D8F2}.Release|Any CPU.Build.0 = Release|Any CPU
	EndGlobalSection
	GlobalSection(SolutionProperties) = preSolution
		HideSolutionNode = FALSE
	EndGlobalSection
	GlobalSection(ExtensibilityGlobals) = postSolution
		SolutionGuid = {E428A599-904B-474B-AC36-3F9479E5BB9E}
	EndGlobalSection
EndGlobal
